
Microsoft Visual Studio Solution File, Format Version 12.00
# Visual Studio Version 16
VisualStudioVersion = 16.0.30711.63
MinimumVisualStudioVersion = 10.0.40219.1
Project("{FAE04EC0-301F-11D3-BF4B-00C04F79EFBC}") = "Labaratorinis1", "Labaratorinis1.csproj", "{A5849FAA-03CB-44E6-9596-33E10438D165}"
EndProject
Global
	GlobalSection(SolutionConfigurationPlatforms) = preSolution
		Debug|Any CPU = Debug|Any CPU
		Release|Any CPU = Release|Any CPU
	EndGlobalSection
	GlobalSection(ProjectConfigurationPlatforms) = postSolution
		{A5849FAA-03CB-44E6-9596-33E10438D165}.Debug|Any CPU.ActiveCfg = Debug|Any CPU
		{A5849FAA-03CB-44E6-9596-33E10438D165}.Debug|Any CPU.Build.0 = Debug|Any CPU
		{A5849FAA-03CB-44E6-9596-33E10438D165}.Release|Any CPU.ActiveCfg = Release|Any CPU
		{A5849FAA-03CB-44E6-9596-33E10438D165}.Release|Any CPU.Build.0 = Release|Any CPU
	EndGlobalSection
	GlobalSection(SolutionProperties) = preSolution
		HideSolutionNode = FALSE
	EndGlobalSection
	GlobalSection(ExtensibilityGlobals) = postSolution
		SolutionGuid = {96B13853-F8B6-4C7F-8D8D-682418D950C7}
	EndGlobalSection
EndGlobal
